
Microsoft Visual Studio Solution File, Format Version 12.00
# Visual Studio Version 16
VisualStudioVersion = 16.0.31025.194
MinimumVisualStudioVersion = 10.0.40219.1
Project("{FAE04EC0-301F-11D3-BF4B-00C04F79EFBC}") = "Project", "Project\Project.csproj", "{6108E72B-1CAB-4448-9F81-78B416E7AC87}"
EndProject
Global
	GlobalSection(SolutionConfigurationPlatforms) = preSolution
		Debug|Any CPU = Debug|Any CPU
		Release|Any CPU = Release|Any CPU
	EndGlobalSection
	GlobalSection(ProjectConfigurationPlatforms) = postSolution
		{6108E72B-1CAB-4448-9F81-78B416E7AC87}.Debug|Any CPU.ActiveCfg = Debug|Any CPU
		{6108E72B-1CAB-4448-9F81-78B416E7AC87}.Debug|Any CPU.Build.0 = Debug|Any CPU
		{6108E72B-1CAB-4448-9F81-78B416E7AC87}.Release|Any CPU.ActiveCfg = Release|Any CPU
		{6108E72B-1CAB-4448-9F81-78B416E7AC87}.Release|Any CPU.Build.0 = Release|Any CPU
	EndGlobalSection
	GlobalSection(SolutionProperties) = preSolution
		HideSolutionNode = FALSE
	EndGlobalSection
	GlobalSection(ExtensibilityGlobals) = postSolution
		SolutionGuid = {22B2BA75-108F-4FC1-8F6B-2A0426B47878}
	EndGlobalSection
EndGlobal
